
Microsoft Visual Studio Solution File, Format Version 12.00
# Visual Studio Version 16
VisualStudioVersion = 16.0.32228.343
MinimumVisualStudioVersion = 10.0.40219.1
Project("{FAE04EC0-301F-11D3-BF4B-00C04F79EFBC}") = "Lesson-6", "Lesson-6.csproj", "{CE9AAC19-2C47-40CC-9D35-CDDA6A9ACE39}"
EndProject
Global
	GlobalSection(SolutionConfigurationPlatforms) = preSolution
		Debug|Any CPU = Debug|Any CPU
		Release|Any CPU = Release|Any CPU
	EndGlobalSection
	GlobalSection(ProjectConfigurationPlatforms) = postSolution
		{CE9AAC19-2C47-40CC-9D35-CDDA6A9ACE39}.Debug|Any CPU.ActiveCfg = Debug|Any CPU
		{CE9AAC19-2C47-40CC-9D35-CDDA6A9ACE39}.Debug|Any CPU.Build.0 = Debug|Any CPU
		{CE9AAC19-2C47-40CC-9D35-CDDA6A9ACE39}.Release|Any CPU.ActiveCfg = Release|Any CPU
		{CE9AAC19-2C47-40CC-9D35-CDDA6A9ACE39}.Release|Any CPU.Build.0 = Release|Any CPU
	EndGlobalSection
	GlobalSection(SolutionProperties) = preSolution
		HideSolutionNode = FALSE
	EndGlobalSection
	GlobalSection(ExtensibilityGlobals) = postSolution
		SolutionGuid = {58B4D77E-A219-47BC-925A-5744A86CB9AC}
	EndGlobalSection
EndGlobal
